
Microsoft Visual Studio Solution File, Format Version 12.00
# Visual Studio 15
VisualStudioVersion = 15.0.36001.139
MinimumVisualStudioVersion = 10.0.40219.1
Project("{8BC9CEB8-8B4A-11D0-8D11-00A0C91BC942}") = "Client", "Client\Client.vcxproj", "{21DFAD20-5194-4D29-9EFF-A7614CF7E63F}"
	ProjectSection(ProjectDependencies) = postProject
		{412648C6-12B1-4076-85D3-230E88E0C343} = {412648C6-12B1-4076-85D3-230E88E0C343}
	EndProjectSection
EndProject
Project("{8BC9CEB8-8B4A-11D0-8D11-00A0C91BC942}") = "Server", "Server\Server.vcxproj", "{20D01774-38DD-481A-8D46-DF5A17F9F490}"
	ProjectSection(ProjectDependencies) = postProject
		{412648C6-12B1-4076-85D3-230E88E0C343} = {412648C6-12B1-4076-85D3-230E88E0C343}
	EndProjectSection
EndProject
Project("{8BC9CEB8-8B4A-11D0-8D11-00A0C91BC942}") = "FormatLastError", "FormatLastError\FormatLastError.vcxproj", "{412648C6-12B1-4076-85D3-230E88E0C343}"
EndProject
Project("{8BC9CEB8-8B4A-11D0-8D11-00A0C91BC942}") = "Threads", "Threads\Threads.vcxproj", "{E6C61A03-09AA-4E1A-8853-856292CF12A1}"
EndProject
Project("{8BC9CEB8-8B4A-11D0-8D11-00A0C91BC942}") = "MTX", "MTX\MTX.vcxproj", "{BB20344D-7FA8-49AE-A5FD-4118D41DEE57}"
EndProject
Project("{8BC9CEB8-8B4A-11D0-8D11-00A0C91BC942}") = "ThreadsWinAPI", "ThreadsWinAPI\ThreadsWinAPI.vcxproj", "{EC8A1B2D-773D-43E8-A162-92D661F4F737}"
EndProject
Project("{8BC9CEB8-8B4A-11D0-8D11-00A0C91BC942}") = "HelloMPI", "HelloMPI\HelloMPI.vcxproj", "{5973E7C2-3E81-445A-A9B6-3AD230007221}"
EndProject
Project("{8BC9CEB8-8B4A-11D0-8D11-00A0C91BC942}") = "OpenMPI", "OpenMPI\OpenMPI.vcxproj", "{4C189AE0-33A6-4684-AAA5-490F8D8469CF}"
EndProject
Global
	GlobalSection(SolutionConfigurationPlatforms) = preSolution
		Debug|x64 = Debug|x64
		Debug|x86 = Debug|x86
		Release|x64 = Release|x64
		Release|x86 = Release|x86
	EndGlobalSection
	GlobalSection(ProjectConfigurationPlatforms) = postSolution
		{21DFAD20-5194-4D29-9EFF-A7614CF7E63F}.Debug|x64.ActiveCfg = Debug|x64
		{21DFAD20-5194-4D29-9EFF-A7614CF7E63F}.Debug|x64.Build.0 = Debug|x64
		{21DFAD20-5194-4D29-9EFF-A7614CF7E63F}.Debug|x86.ActiveCfg = Debug|Win32
		{21DFAD20-5194-4D29-9EFF-A7614CF7E63F}.Debug|x86.Build.0 = Debug|Win32
		{21DFAD20-5194-4D29-9EFF-A7614CF7E63F}.Release|x64.ActiveCfg = Release|x64
		{21DFAD20-5194-4D29-9EFF-A7614CF7E63F}.Release|x64.Build.0 = Release|x64
		{21DFAD20-5194-4D29-9EFF-A7614CF7E63F}.Release|x86.ActiveCfg = Release|Win32
		{21DFAD20-5194-4D29-9EFF-A7614CF7E63F}.Release|x86.Build.0 = Release|Win32
		{20D01774-38DD-481A-8D46-DF5A17F9F490}.Debug|x64.ActiveCfg = Debug|x64
		{20D01774-38DD-481A-8D46-DF5A17F9F490}.Debug|x64.Build.0 = Debug|x64
		{20D01774-38DD-481A-8D46-DF5A17F9F490}.Debug|x86.ActiveCfg = Debug|Win32
		{20D01774-38DD-481A-8D46-DF5A17F9F490}.Debug|x86.Build.0 = Debug|Win32
		{20D01774-38DD-481A-8D46-DF5A17F9F490}.Release|x64.ActiveCfg = Release|x64
		{20D01774-38DD-481A-8D46-DF5A17F9F490}.Release|x64.Build.0 = Release|x64
		{20D01774-38DD-481A-8D46-DF5A17F9F490}.Release|x86.ActiveCfg = Release|Win32
		{20D01774-38DD-481A-8D46-DF5A17F9F490}.Release|x86.Build.0 = Release|Win32
		{412648C6-12B1-4076-85D3-230E88E0C343}.Debug|x64.ActiveCfg = Debug|x64
		{412648C6-12B1-4076-85D3-230E88E0C343}.Debug|x64.Build.0 = Debug|x64
		{412648C6-12B1-4076-85D3-230E88E0C343}.Debug|x86.ActiveCfg = Debug|Win32
		{412648C6-12B1-4076-85D3-230E88E0C343}.Debug|x86.Build.0 = Debug|Win32
		{412648C6-12B1-4076-85D3-230E88E0C343}.Release|x64.ActiveCfg = Release|x64
		{412648C6-12B1-4076-85D3-230E88E0C343}.Release|x64.Build.0 = Release|x64
		{412648C6-12B1-4076-85D3-230E88E0C343}.Release|x86.ActiveCfg = Release|Win32
		{412648C6-12B1-4076-85D3-230E88E0C343}.Release|x86.Build.0 = Release|Win32
		{E6C61A03-09AA-4E1A-8853-856292CF12A1}.Debug|x64.ActiveCfg = Debug|x64
		{E6C61A03-09AA-4E1A-8853-856292CF12A1}.Debug|x64.Build.0 = Debug|x64
		{E6C61A03-09AA-4E1A-8853-856292CF12A1}.Debug|x86.ActiveCfg = Debug|Win32
		{E6C61A03-09AA-4E1A-8853-856292CF12A1}.Debug|x86.Build.0 = Debug|Win32
		{E6C61A03-09AA-4E1A-8853-856292CF12A1}.Release|x64.ActiveCfg = Release|x64
		{E6C61A03-09AA-4E1A-8853-856292CF12A1}.Release|x64.Build.0 = Release|x64
		{E6C61A03-09AA-4E1A-8853-856292CF12A1}.Release|x86.ActiveCfg = Release|Win32
		{E6C61A03-09AA-4E1A-8853-856292CF12A1}.Release|x86.Build.0 = Release|Win32
		{BB20344D-7FA8-49AE-A5FD-4118D41DEE57}.Debug|x64.ActiveCfg = Debug|x64
		{BB20344D-7FA8-49AE-A5FD-4118D41DEE57}.Debug|x64.Build.0 = Debug|x64
		{BB20344D-7FA8-49AE-A5FD-4118D41DEE57}.Debug|x86.ActiveCfg = Debug|Win32
		{BB20344D-7FA8-49AE-A5FD-4118D41DEE57}.Debug|x86.Build.0 = Debug|Win32
		{BB20344D-7FA8-49AE-A5FD-4118D41DEE57}.Release|x64.ActiveCfg = Release|x64
		{BB20344D-7FA8-49AE-A5FD-4118D41DEE57}.Release|x64.Build.0 = Release|x64
		{BB20344D-7FA8-49AE-A5FD-4118D41DEE57}.Release|x86.ActiveCfg = Release|Win32
		{BB20344D-7FA8-49AE-A5FD-4118D41DEE57}.Release|x86.Build.0 = Release|Win32
		{EC8A1B2D-773D-43E8-A162-92D661F4F737}.Debug|x64.ActiveCfg = Debug|x64
		{EC8A1B2D-773D-43E8-A162-92D661F4F737}.Debug|x64.Build.0 = Debug|x64
		{EC8A1B2D-773D-43E8-A162-92D661F4F737}.Debug|x86.ActiveCfg = Debug|Win32
		{EC8A1B2D-773D-43E8-A162-92D661F4F737}.Debug|x86.Build.0 = Debug|Win32
		{EC8A1B2D-773D-43E8-A162-92D661F4F737}.Release|x64.ActiveCfg = Release|x64
		{EC8A1B2D-773D-43E8-A162-92D661F4F737}.Release|x64.Build.0 = Release|x64
		{EC8A1B2D-773D-43E8-A162-92D661F4F737}.Release|x86.ActiveCfg = Release|Win32
		{EC8A1B2D-773D-43E8-A162-92D661F4F737}.Release|x86.Build.0 = Release|Win32
		{5973E7C2-3E81-445A-A9B6-3AD230007221}.Debug|x64.ActiveCfg = Debug|x64
		{5973E7C2-3E81-445A-A9B6-3AD230007221}.Debug|x64.Build.0 = Debug|x64
		{5973E7C2-3E81-445A-A9B6-3AD230007221}.Debug|x86.ActiveCfg = Debug|Win32
		{5973E7C2-3E81-445A-A9B6-3AD230007221}.Debug|x86.Build.0 = Debug|Win32
		{5973E7C2-3E81-445A-A9B6-3AD230007221}.Release|x64.ActiveCfg = Release|x64
		{5973E7C2-3E81-445A-A9B6-3AD230007221}.Release|x64.Build.0 = Release|x64
		{5973E7C2-3E81-445A-A9B6-3AD230007221}.Release|x86.ActiveCfg = Release|Win32
		{5973E7C2-3E81-445A-A9B6-3AD230007221}.Release|x86.Build.0 = Release|Win32
		{4C189AE0-33A6-4684-AAA5-490F8D8469CF}.Debug|x64.ActiveCfg = Debug|x64
		{4C189AE0-33A6-4684-AAA5-490F8D8469CF}.Debug|x64.Build.0 = Debug|x64
		{4C189AE0-33A6-4684-AAA5-490F8D8469CF}.Debug|x86.ActiveCfg = Debug|Win32
		{4C189AE0-33A6-4684-AAA5-490F8D8469CF}.Debug|x86.Build.0 = Debug|Win32
		{4C189AE0-33A6-4684-AAA5-490F8D8469CF}.Release|x64.ActiveCfg = Release|x64
		{4C189AE0-33A6-4684-AAA5-490F8D8469CF}.Release|x64.Build.0 = Release|x64
		{4C189AE0-33A6-4684-AAA5-490F8D8469CF}.Release|x86.ActiveCfg = Release|Win32
		{4C189AE0-33A6-4684-AAA5-490F8D8469CF}.Release|x86.Build.0 = Release|Win32
	EndGlobalSection
	GlobalSection(SolutionProperties) = preSolution
		HideSolutionNode = FALSE
	EndGlobalSection
	GlobalSection(ExtensibilityGlobals) = postSolution
		SolutionGuid = {058B5434-4E1B-4E0D-9EE1-D47EA3214711}
	EndGlobalSection
EndGlobal
